
Microsoft Visual Studio Solution File, Format Version 12.00
# Visual Studio Version 16
VisualStudioVersion = 16.0.31129.286
MinimumVisualStudioVersion = 10.0.40219.1
Project("{FAE04EC0-301F-11D3-BF4B-00C04F79EFBC}") = "CaptureWebcam", "CaptureWebcam.csproj", "{D101AAFC-F979-4791-91FE-6D7055F1A864}"
EndProject
Global
	GlobalSection(SolutionConfigurationPlatforms) = preSolution
		Debug|Any CPU = Debug|Any CPU
		Release|Any CPU = Release|Any CPU
	EndGlobalSection
	GlobalSection(ProjectConfigurationPlatforms) = postSolution
		{D101AAFC-F979-4791-91FE-6D7055F1A864}.Debug|Any CPU.ActiveCfg = Debug|Any CPU
		{D101AAFC-F979-4791-91FE-6D7055F1A864}.Debug|Any CPU.Build.0 = Debug|Any CPU
		{D101AAFC-F979-4791-91FE-6D7055F1A864}.Release|Any CPU.ActiveCfg = Release|Any CPU
		{D101AAFC-F979-4791-91FE-6D7055F1A864}.Release|Any CPU.Build.0 = Release|Any CPU
	EndGlobalSection
	GlobalSection(SolutionProperties) = preSolution
		HideSolutionNode = FALSE
	EndGlobalSection
	GlobalSection(ExtensibilityGlobals) = postSolution
		SolutionGuid = {F1545759-626C-403D-A8E1-7320EE5B2469}
	EndGlobalSection
EndGlobal
